#MicroXplorer Configuration settings - do not modify
CAD.formats=
CAD.pinconfig=
CAD.provider=
FDCAN2.CalculateBaudRateNominal=1874999
FDCAN2.CalculateTimeBitNominal=533
FDCAN2.CalculateTimeQuantumNominal=106.66666666666667
FDCAN2.IPParameters=CalculateTimeQuantumNominal,CalculateTimeBitNominal,CalculateBaudRateNominal
File.Version=6
GPIO.groupedBy=Show All
I2C2.IPParameters=Timing
I2C2.Timing=0x20C0EDFF
KeepUserPlacement=false
Mcu.CPN=STM32G484RET6
Mcu.Family=STM32G4
Mcu.IP0=FDCAN2
Mcu.IP1=I2C2
Mcu.IP2=NVIC
Mcu.IP3=RCC
Mcu.IP4=SPI1
Mcu.IP5=USB
Mcu.IPNb=6
Mcu.Name=STM32G484RETx
Mcu.Package=LQFP64
Mcu.Pin0=PC13
Mcu.Pin1=PC14-OSC32_IN
Mcu.Pin10=PB2
Mcu.Pin11=PB11
Mcu.Pin12=PB12
Mcu.Pin13=PB13
Mcu.Pin14=PB14
Mcu.Pin15=PB15
Mcu.Pin16=PC6
Mcu.Pin17=PC7
Mcu.Pin18=PC8
Mcu.Pin19=PC9
Mcu.Pin2=PF0-OSC_IN
Mcu.Pin20=PA8
Mcu.Pin21=PA9
Mcu.Pin22=PA10
Mcu.Pin23=PA11
Mcu.Pin24=PA12
Mcu.Pin25=PA13
Mcu.Pin26=PA14
Mcu.Pin27=PA15
Mcu.Pin28=PC10
Mcu.Pin29=PC11
Mcu.Pin3=PA5
Mcu.Pin30=PC12
Mcu.Pin31=PD2
Mcu.Pin32=PB3
Mcu.Pin33=PB4
Mcu.Pin34=PB5
Mcu.Pin35=PB6
Mcu.Pin36=PB7
Mcu.Pin37=PB8-BOOT0
Mcu.Pin38=PB9
Mcu.Pin4=PA6
Mcu.Pin5=PA7
Mcu.Pin6=PC4
Mcu.Pin7=PC5
Mcu.Pin8=PB0
Mcu.Pin9=PB1
Mcu.PinsNb=39
Mcu.ThirdPartyNb=0
Mcu.UserConstants=VDDA_APPLi,3300
Mcu.UserName=STM32G484RETx
MxCube.Version=6.9.2
MxDb.Version=DB.6.0.92
NVIC.BusFault_IRQn=true\:0\:0\:false\:false\:true\:false\:false\:false
NVIC.DebugMonitor_IRQn=true\:0\:0\:false\:false\:true\:false\:false\:false
NVIC.ForceEnableDMAVector=true
NVIC.HardFault_IRQn=true\:0\:0\:false\:false\:true\:false\:false\:false
NVIC.MemoryManagement_IRQn=true\:0\:0\:false\:false\:true\:false\:false\:false
NVIC.NonMaskableInt_IRQn=true\:0\:0\:false\:false\:true\:false\:false\:false
NVIC.PendSV_IRQn=true\:0\:0\:false\:false\:true\:false\:false\:false
NVIC.PriorityGroup=NVIC_PRIORITYGROUP_4
NVIC.SVCall_IRQn=true\:0\:0\:false\:false\:true\:false\:false\:false
NVIC.SysTick_IRQn=true\:15\:0\:false\:false\:true\:false\:true\:false
NVIC.UsageFault_IRQn=true\:0\:0\:false\:false\:true\:false\:false\:false
PA10.GPIOParameters=GPIO_Label
PA10.GPIO_Label=RST_24
PA10.Locked=true
PA10.Signal=GPIO_Output
PA11.Locked=true
PA11.Mode=Device
PA11.Signal=USB_DM
PA12.Locked=true
PA12.Mode=Device
PA12.Signal=USB_DP
PA13.GPIOParameters=GPIO_Label
PA13.GPIO_Label=RST_868
PA13.Locked=true
PA13.Signal=GPIO_Output
PA14.GPIOParameters=GPIO_Label
PA14.GPIO_Label=DIO0_868
PA14.Locked=true
PA14.Signal=GPIO_Output
PA15.GPIOParameters=GPIO_Label
PA15.GPIO_Label=DIO1_868
PA15.Locked=true
PA15.Signal=GPIO_Output
PA5.Locked=true
PA5.Mode=Full_Duplex_Master
PA5.Signal=SPI1_SCK
PA6.Locked=true
PA6.Mode=Full_Duplex_Master
PA6.Signal=SPI1_MISO
PA7.Locked=true
PA7.Mode=Full_Duplex_Master
PA7.Signal=SPI1_MOSI
PA8.Locked=true
PA8.Mode=I2C
PA8.Signal=I2C2_SDA
PA9.Locked=true
PA9.Mode=I2C
PA9.Signal=I2C2_SCL
PB0.GPIOParameters=GPIO_Label
PB0.GPIO_Label=NSS_24
PB0.Locked=true
PB0.Signal=GPIO_Output
PB1.GPIOParameters=GPIO_Label
PB1.GPIO_Label=RST_GNSS
PB1.Locked=true
PB1.Signal=GPIO_Output
PB11.GPIOParameters=GPIO_Label
PB11.GPIO_Label=CAN_STBY
PB11.Locked=true
PB11.Signal=GPIO_Output
PB12.Locked=true
PB12.Mode=FDCAN_Activate
PB12.Signal=FDCAN2_RX
PB13.Locked=true
PB13.Mode=FDCAN_Activate
PB13.Signal=FDCAN2_TX
PB14.GPIOParameters=GPIO_Label
PB14.GPIO_Label=TXEN_24
PB14.Locked=true
PB14.Signal=GPIO_Output
PB15.GPIOParameters=GPIO_Label
PB15.GPIO_Label=RXEN_24
PB15.Locked=true
PB15.Signal=GPIO_Output
PB2.GPIOParameters=GPIO_Label
PB2.GPIO_Label=EXTINT_GNSS
PB2.Locked=true
PB2.Signal=GPIO_Output
PB3.GPIOParameters=GPIO_Label
PB3.GPIO_Label=RST_915
PB3.Locked=true
PB3.Signal=GPIO_Output
PB4.GPIOParameters=GPIO_Label
PB4.GPIO_Label=DIO0_915
PB4.Locked=true
PB4.Signal=GPIO_Output
PB5.GPIOParameters=GPIO_Label
PB5.GPIO_Label=DIO1_915
PB5.Locked=true
PB5.Signal=GPIO_Output
PB6.GPIOParameters=GPIO_Label
PB6.GPIO_Label=DIO2_915
PB6.Locked=true
PB6.Signal=GPIO_Output
PB7.GPIOParameters=GPIO_Label
PB7.GPIO_Label=DIO3_915
PB7.Locked=true
PB7.Signal=GPIO_Output
PB8-BOOT0.GPIOParameters=GPIO_Label
PB8-BOOT0.GPIO_Label=DIO4_915
PB8-BOOT0.Locked=true
PB8-BOOT0.Signal=GPIO_Output
PB9.GPIOParameters=GPIO_Label
PB9.GPIO_Label=DIO5_915
PB9.Locked=true
PB9.Signal=GPIO_Output
PC10.GPIOParameters=GPIO_Label
PC10.GPIO_Label=DIO2_868
PC10.Locked=true
PC10.Signal=GPIO_Output
PC11.GPIOParameters=GPIO_Label
PC11.GPIO_Label=DIO3_868
PC11.Locked=true
PC11.Signal=GPIO_Output
PC12.GPIOParameters=GPIO_Label
PC12.GPIO_Label=DIO4_868
PC12.Locked=true
PC12.Signal=GPIO_Output
PC13.GPIOParameters=GPIO_Label
PC13.GPIO_Label=NSS_915
PC13.Locked=true
PC13.Signal=GPIO_Output
PC14-OSC32_IN.GPIOParameters=GPIO_Label
PC14-OSC32_IN.GPIO_Label=NSS_868
PC14-OSC32_IN.Locked=true
PC14-OSC32_IN.Signal=GPIO_Output
PC4.GPIOParameters=GPIO_Label
PC4.GPIO_Label=NSS_915
PC4.Locked=true
PC4.Signal=GPIO_Output
PC5.GPIOParameters=GPIO_Label
PC5.GPIO_Label=NSS_868
PC5.Locked=true
PC5.Signal=GPIO_Output
PC6.GPIOParameters=GPIO_Label
PC6.GPIO_Label=DIO3_24
PC6.Locked=true
PC6.Signal=GPIO_Analog
PC7.GPIOParameters=GPIO_Label
PC7.GPIO_Label=DIO2_24
PC7.Locked=true
PC7.Signal=GPIO_Output
PC8.GPIOParameters=GPIO_Label
PC8.GPIO_Label=DIO1_24
PC8.Locked=true
PC8.Signal=GPIO_Output
PC9.GPIOParameters=GPIO_Label
PC9.GPIO_Label=BUSY_24
PC9.Locked=true
PC9.Signal=GPIO_Input
PD2.GPIOParameters=GPIO_Label
PD2.GPIO_Label=DIO5_868
PD2.Locked=true
PD2.Signal=GPIO_Output
PF0-OSC_IN.GPIOParameters=GPIO_Label
PF0-OSC_IN.GPIO_Label=XCLK
PF0-OSC_IN.Locked=true
PF0-OSC_IN.Mode=HSE-External-Clock-Source
PF0-OSC_IN.Signal=RCC_OSC_IN
PinOutPanel.RotationAngle=0
ProjectManager.AskForMigrate=true
ProjectManager.BackupPrevious=false
ProjectManager.CompilerOptimize=6
ProjectManager.ComputerToolchain=false
ProjectManager.CoupleFile=false
ProjectManager.CustomerFirmwarePackage=
ProjectManager.DefaultFWLocation=true
ProjectManager.DeletePrevious=true
ProjectManager.DeviceId=STM32G484RETx
ProjectManager.FirmwarePackage=STM32Cube FW_G4 V1.5.2
ProjectManager.FreePins=false
ProjectManager.HalAssertFull=false
ProjectManager.HeapSize=0x500
ProjectManager.KeepUserCode=true
ProjectManager.LastFirmware=true
ProjectManager.LibraryCopy=2
ProjectManager.MainLocation=Core/Src
ProjectManager.NoMain=false
ProjectManager.PreviousToolchain=
ProjectManager.ProjectBuild=false
ProjectManager.ProjectFileName=RF-Board-V1-2024-Firmware.ioc
ProjectManager.ProjectName=RF-Board-V1-2024-Firmware
ProjectManager.ProjectStructure=
ProjectManager.RegisterCallBack=
ProjectManager.StackSize=0x400
ProjectManager.TargetToolchain=STM32CubeIDE
ProjectManager.ToolChainLocation=
ProjectManager.UAScriptAfterPath=
ProjectManager.UAScriptBeforePath=
ProjectManager.UnderRoot=true
ProjectManager.functionlistsort=1-SystemClock_Config-RCC-false-HAL-false,2-MX_GPIO_Init-GPIO-false-HAL-true,3-MX_FDCAN1_Init-FDCAN1-false-HAL-true,3-MX_SPI1_Init-SPI1-false-HAL-true
RCC.ADC12Freq_Value=150000000
RCC.ADC345Freq_Value=150000000
RCC.AHBFreq_Value=150000000
RCC.APB1Freq_Value=150000000
RCC.APB1TimFreq_Value=150000000
RCC.APB2Freq_Value=150000000
RCC.APB2TimFreq_Value=150000000
RCC.CRSFreq_Value=48000000
RCC.CortexFreq_Value=150000000
RCC.EXTERNAL_CLOCK_VALUE=12288000
RCC.FCLKCortexFreq_Value=150000000
RCC.FDCANFreq_Value=150000000
RCC.FamilyName=M
RCC.HCLKFreq_Value=150000000
RCC.HRTIM1Freq_Value=150000000
RCC.HSE_VALUE=8000000
RCC.HSI48_VALUE=48000000
RCC.HSI_VALUE=16000000
RCC.I2C1Freq_Value=150000000
RCC.I2C2Freq_Value=150000000
RCC.I2C3Freq_Value=150000000
RCC.I2C4Freq_Value=150000000
RCC.I2SFreq_Value=150000000
RCC.IPParameters=ADC12Freq_Value,ADC345Freq_Value,AHBFreq_Value,APB1Freq_Value,APB1TimFreq_Value,APB2Freq_Value,APB2TimFreq_Value,CRSFreq_Value,CortexFreq_Value,EXTERNAL_CLOCK_VALUE,FCLKCortexFreq_Value,FDCANFreq_Value,FamilyName,HCLKFreq_Value,HRTIM1Freq_Value,HSE_VALUE,HSI48_VALUE,HSI_VALUE,I2C1Freq_Value,I2C2Freq_Value,I2C3Freq_Value,I2C4Freq_Value,I2SFreq_Value,LPTIM1Freq_Value,LPUART1Freq_Value,LSCOPinFreq_Value,LSE_VALUE,LSI_VALUE,MCO1PinFreq_Value,PLLM,PLLN,PLLPoutputFreq_Value,PLLQoutputFreq_Value,PLLRCLKFreq_Value,PWRFreq_Value,QSPIFreq_Value,RNGFreq_Value,SAI1Freq_Value,SYSCLKFreq_VALUE,SYSCLKSource,UART4Freq_Value,UART5Freq_Value,USART1Freq_Value,USART2Freq_Value,USART3Freq_Value,USBFreq_Value,VCOInputFreq_Value,VCOOutputFreq_Value
RCC.LPTIM1Freq_Value=150000000
RCC.LPUART1Freq_Value=150000000
RCC.LSCOPinFreq_Value=32000
RCC.LSE_VALUE=32768
RCC.LSI_VALUE=32000
RCC.MCO1PinFreq_Value=16000000
RCC.PLLM=RCC_PLLM_DIV4
RCC.PLLN=75
RCC.PLLPoutputFreq_Value=150000000
RCC.PLLQoutputFreq_Value=150000000
RCC.PLLRCLKFreq_Value=150000000
RCC.PWRFreq_Value=150000000
RCC.QSPIFreq_Value=150000000
RCC.RNGFreq_Value=150000000
RCC.SAI1Freq_Value=150000000
RCC.SYSCLKFreq_VALUE=150000000
RCC.SYSCLKSource=RCC_SYSCLKSOURCE_PLLCLK
RCC.UART4Freq_Value=150000000
RCC.UART5Freq_Value=150000000
RCC.USART1Freq_Value=150000000
RCC.USART2Freq_Value=150000000
RCC.USART3Freq_Value=150000000
RCC.USBFreq_Value=150000000
RCC.VCOInputFreq_Value=4000000
RCC.VCOOutputFreq_Value=300000000
SPI1.CalculateBaudRate=75.0 MBits/s
SPI1.Direction=SPI_DIRECTION_2LINES
SPI1.IPParameters=VirtualType,Mode,Direction,CalculateBaudRate
SPI1.Mode=SPI_MODE_MASTER
SPI1.VirtualType=VM_MASTER
board=custom
isbadioc=false
